// !$*UTF8*$!
{
	archiveVersion = 1;
	classes = {
	};
	objectVersion = 50;
	objects = {

/* Begin PBXBuildFile section */
		3EC75CD125EF496B00C80AF2 /* AppDelegate.swift in Sources */ = {isa = PBXBuildFile; fileRef = 3EC75CD025EF496B00C80AF2 /* AppDelegate.swift */; };
		3EC75CD325EF496B00C80AF2 /* SceneDelegate.swift in Sources */ = {isa = PBXBuildFile; fileRef = 3EC75CD225EF496B00C80AF2 /* SceneDelegate.swift */; };
		3EC75CD525EF496B00C80AF2 /* GameView.swift in Sources */ = {isa = PBXBuildFile; fileRef = 3EC75CD425EF496B00C80AF2 /* GameView.swift */; };
		3EC75CD725EF496E00C80AF2 /* Assets.xcassets in Resources */ = {isa = PBXBuildFile; fileRef = 3EC75CD625EF496E00C80AF2 /* Assets.xcassets */; };
		3EC75CDA25EF496E00C80AF2 /* Preview Assets.xcassets in Resources */ = {isa = PBXBuildFile; fileRef = 3EC75CD925EF496E00C80AF2 /* Preview Assets.xcassets */; };
		3EC75CDD25EF496E00C80AF2 /* LaunchScreen.storyboard in Resources */ = {isa = PBXBuildFile; fileRef = 3EC75CDB25EF496E00C80AF2 /* LaunchScreen.storyboard */; };
		3EC75CE825F002F300C80AF2 /* FeedbackArea.swift in Sources */ = {isa = PBXBuildFile; fileRef = 3EC75CE725F002F200C80AF2 /* FeedbackArea.swift */; };
		3EC75CEB25F0034300C80AF2 /* GuessArea.swift in Sources */ = {isa = PBXBuildFile; fileRef = 3EC75CEA25F0034300C80AF2 /* GuessArea.swift */; };
		3EC75CEE25F0038200C80AF2 /* PaletteArea.swift in Sources */ = {isa = PBXBuildFile; fileRef = 3EC75CED25F0038200C80AF2 /* PaletteArea.swift */; };
		3EC75CF125F003F100C80AF2 /* GameCircle.swift in Sources */ = {isa = PBXBuildFile; fileRef = 3EC75CF025F003F100C80AF2 /* GameCircle.swift */; };
		BFB518A225F4416500C7DEE7 /* MasterMindModel.swift in Sources */ = {isa = PBXBuildFile; fileRef = BFB518A125F4416500C7DEE7 /* MasterMindModel.swift */; };
		BFB518A525F4417F00C7DEE7 /* MasterMindViewModel.swift in Sources */ = {isa = PBXBuildFile; fileRef = BFB518A425F4417F00C7DEE7 /* MasterMindViewModel.swift */; };
/* End PBXBuildFile section */

/* Begin PBXFileReference section */
		3EC75CCD25EF496B00C80AF2 /* MastermindStarter.app */ = {isa = PBXFileReference; explicitFileType = wrapper.application; includeInIndex = 0; path = MastermindStarter.app; sourceTree = BUILT_PRODUCTS_DIR; };
		3EC75CD025EF496B00C80AF2 /* AppDelegate.swift */ = {isa = PBXFileReference; lastKnownFileType = sourcecode.swift; path = AppDelegate.swift; sourceTree = "<group>"; };
		3EC75CD225EF496B00C80AF2 /* SceneDelegate.swift */ = {isa = PBXFileReference; lastKnownFileType = sourcecode.swift; path = SceneDelegate.swift; sourceTree = "<group>"; };
		3EC75CD425EF496B00C80AF2 /* GameView.swift */ = {isa = PBXFileReference; lastKnownFileType = sourcecode.swift; path = GameView.swift; sourceTree = "<group>"; };
		3EC75CD625EF496E00C80AF2 /* Assets.xcassets */ = {isa = PBXFileReference; lastKnownFileType = folder.assetcatalog; path = Assets.xcassets; sourceTree = "<group>"; };
		3EC75CD925EF496E00C80AF2 /* Preview Assets.xcassets */ = {isa = PBXFileReference; lastKnownFileType = folder.assetcatalog; path = "Preview Assets.xcassets"; sourceTree = "<group>"; };
		3EC75CDC25EF496E00C80AF2 /* Base */ = {isa = PBXFileReference; lastKnownFileType = file.storyboard; name = Base; path = Base.lproj/LaunchScreen.storyboard; sourceTree = "<group>"; };
		3EC75CDE25EF496E00C80AF2 /* Info.plist */ = {isa = PBXFileReference; lastKnownFileType = text.plist.xml; path = Info.plist; sourceTree = "<group>"; };
		3EC75CE725F002F200C80AF2 /* FeedbackArea.swift */ = {isa = PBXFileReference; lastKnownFileType = sourcecode.swift; path = FeedbackArea.swift; sourceTree = "<group>"; };
		3EC75CEA25F0034300C80AF2 /* GuessArea.swift */ = {isa = PBXFileReference; lastKnownFileType = sourcecode.swift; path = GuessArea.swift; sourceTree = "<group>"; };
		3EC75CED25F0038200C80AF2 /* PaletteArea.swift */ = {isa = PBXFileReference; lastKnownFileType = sourcecode.swift; path = PaletteArea.swift; sourceTree = "<group>"; };
		3EC75CF025F003F100C80AF2 /* GameCircle.swift */ = {isa = PBXFileReference; lastKnownFileType = sourcecode.swift; path = GameCircle.swift; sourceTree = "<group>"; };
		BFB518A125F4416500C7DEE7 /* MasterMindModel.swift */ = {isa = PBXFileReference; lastKnownFileType = sourcecode.swift; path = MasterMindModel.swift; sourceTree = "<group>"; };
		BFB518A425F4417F00C7DEE7 /* MasterMindViewModel.swift */ = {isa = PBXFileReference; lastKnownFileType = sourcecode.swift; path = MasterMindViewModel.swift; sourceTree = "<group>"; };
/* End PBXFileReference section */

/* Begin PBXFrameworksBuildPhase section */
		3EC75CCA25EF496B00C80AF2 /* Frameworks */ = {
			isa = PBXFrameworksBuildPhase;
			buildActionMask = 2147483647;
			files = (
			);
			runOnlyForDeploymentPostprocessing = 0;
		};
/* End PBXFrameworksBuildPhase section */

/* Begin PBXGroup section */
		3EC75CC425EF496B00C80AF2 = {
			isa = PBXGroup;
			children = (
				3EC75CCF25EF496B00C80AF2 /* MastermindStarter */,
				3EC75CCE25EF496B00C80AF2 /* Products */,
			);
			sourceTree = "<group>";
		};
		3EC75CCE25EF496B00C80AF2 /* Products */ = {
			isa = PBXGroup;
			children = (
				3EC75CCD25EF496B00C80AF2 /* MastermindStarter.app */,
			);
			name = Products;
			sourceTree = "<group>";
		};
		3EC75CCF25EF496B00C80AF2 /* MastermindStarter */ = {
			isa = PBXGroup;
			children = (
				3EC75CE525EF49F100C80AF2 /* Views */,
				3EC75CD025EF496B00C80AF2 /* AppDelegate.swift */,
				3EC75CD225EF496B00C80AF2 /* SceneDelegate.swift */,
				3EC75CD625EF496E00C80AF2 /* Assets.xcassets */,
				3EC75CDB25EF496E00C80AF2 /* LaunchScreen.storyboard */,
				3EC75CDE25EF496E00C80AF2 /* Info.plist */,
				3EC75CD825EF496E00C80AF2 /* Preview Content */,
				BFB518A125F4416500C7DEE7 /* MasterMindModel.swift */,
				3EC75CD425EF496B00C80AF2 /* GameView.swift */,
				BFB518A425F4417F00C7DEE7 /* MasterMindViewModel.swift */,
			);
			path = MastermindStarter;
			sourceTree = "<group>";
		};
		3EC75CD825EF496E00C80AF2 /* Preview Content */ = {
			isa = PBXGroup;
			children = (
				3EC75CD925EF496E00C80AF2 /* Preview Assets.xcassets */,
			);
			path = "Preview Content";
			sourceTree = "<group>";
		};
		3EC75CE525EF49F100C80AF2 /* Views */ = {
			isa = PBXGroup;
			children = (
				3EC75CE725F002F200C80AF2 /* FeedbackArea.swift */,
				3EC75CEA25F0034300C80AF2 /* GuessArea.swift */,
				3EC75CED25F0038200C80AF2 /* PaletteArea.swift */,
				3EC75CF025F003F100C80AF2 /* GameCircle.swift */,
			);
			path = Views;
			sourceTree = "<group>";
		};
/* End PBXGroup section */

/* Begin PBXNativeTarget section */
		3EC75CCC25EF496B00C80AF2 /* MastermindStarter */ = {
			isa = PBXNativeTarget;
			buildConfigurationList = 3EC75CE125EF496E00C80AF2 /* Build configuration list for PBXNativeTarget "MastermindStarter" */;
			buildPhases = (
				3EC75CC925EF496B00C80AF2 /* Sources */,
				3EC75CCA25EF496B00C80AF2 /* Frameworks */,
				3EC75CCB25EF496B00C80AF2 /* Resources */,
			);
			buildRules = (
			);
			dependencies = (
			);
			name = MastermindStarter;
			productName = MastermindStarter;
			productReference = 3EC75CCD25EF496B00C80AF2 /* MastermindStarter.app */;
			productType = "com.apple.product-type.application";
		};
/* End PBXNativeTarget section */

/* Begin PBXProject section */
		3EC75CC525EF496B00C80AF2 /* Project object */ = {
			isa = PBXProject;
			attributes = {
				LastSwiftUpdateCheck = 1240;
				LastUpgradeCheck = 1240;
				TargetAttributes = {
					3EC75CCC25EF496B00C80AF2 = {
						CreatedOnToolsVersion = 12.4;
					};
				};
			};
			buildConfigurationList = 3EC75CC825EF496B00C80AF2 /* Build configuration list for PBXProject "MastermindStarter" */;
			compatibilityVersion = "Xcode 9.3";
			developmentRegion = en;
			hasScannedForEncodings = 0;
			knownRegions = (
				en,
				Base,
			);
			mainGroup = 3EC75CC425EF496B00C80AF2;
			productRefGroup = 3EC75CCE25EF496B00C80AF2 /* Products */;
			projectDirPath = "";
			projectRoot = "";
			targets = (
				3EC75CCC25EF496B00C80AF2 /* MastermindStarter */,
			);
		};
/* End PBXProject section */

/* Begin PBXResourcesBuildPhase section */
		3EC75CCB25EF496B00C80AF2 /* Resources */ = {
			isa = PBXResourcesBuildPhase;
			buildActionMask = 2147483647;
			files = (
				3EC75CDD25EF496E00C80AF2 /* LaunchScreen.storyboard in Resources */,
				3EC75CDA25EF496E00C80AF2 /* Preview Assets.xcassets in Resources */,
				3EC75CD725EF496E00C80AF2 /* Assets.xcassets in Resources */,
			);
			runOnlyForDeploymentPostprocessing = 0;
		};
/* End PBXResourcesBuildPhase section */

/* Begin PBXSourcesBuildPhase section */
		3EC75CC925EF496B00C80AF2 /* Sources */ = {
			isa = PBXSourcesBuildPhase;
			buildActionMask = 2147483647;
			files = (
				3EC75CEE25F0038200C80AF2 /* PaletteArea.swift in Sources */,
				3EC75CEB25F0034300C80AF2 /* GuessArea.swift in Sources */,
				3EC75CD125EF496B00C80AF2 /* AppDelegate.swift in Sources */,
				3EC75CD325EF496B00C80AF2 /* SceneDelegate.swift in Sources */,
				BFB518A525F4417F00C7DEE7 /* MasterMindViewModel.swift in Sources */,
				3EC75CF125F003F100C80AF2 /* GameCircle.swift in Sources */,
				BFB518A225F4416500C7DEE7 /* MasterMindModel.swift in Sources */,
				3EC75CD525EF496B00C80AF2 /* GameView.swift in Sources */,
				3EC75CE825F002F300C80AF2 /* FeedbackArea.swift in Sources */,
			);
			runOnlyForDeploymentPostprocessing = 0;
		};
/* End PBXSourcesBuildPhase section */

/* Begin PBXVariantGroup section */
		3EC75CDB25EF496E00C80AF2 /* LaunchScreen.storyboard */ = {
			isa = PBXVariantGroup;
			children = (
				3EC75CDC25EF496E00C80AF2 /* Base */,
			);
			name = LaunchScreen.storyboard;
			sourceTree = "<group>";
		};
/* End PBXVariantGroup section */

/* Begin XCBuildConfiguration section */
		3EC75CDF25EF496E00C80AF2 /* Debug */ = {
			isa = XCBuildConfiguration;
			buildSettings = {
				ALWAYS_SEARCH_USER_PATHS = NO;
				CLANG_ANALYZER_NONNULL = YES;
				CLANG_ANALYZER_NUMBER_OBJECT_CONVERSION = YES_AGGRESSIVE;
				CLANG_CXX_LANGUAGE_STANDARD = "gnu++14";
				CLANG_CXX_LIBRARY = "libc++";
				CLANG_ENABLE_MODULES = YES;
				CLANG_ENABLE_OBJC_ARC = YES;
				CLANG_ENABLE_OBJC_WEAK = YES;
				CLANG_WARN_BLOCK_CAPTURE_AUTORELEASING = YES;
				CLANG_WARN_BOOL_CONVERSION = YES;
				CLANG_WARN_COMMA = YES;
				CLANG_WARN_CONSTANT_CONVERSION = YES;
				CLANG_WARN_DEPRECATED_OBJC_IMPLEMENTATIONS = YES;
				CLANG_WARN_DIRECT_OBJC_ISA_USAGE = YES_ERROR;
				CLANG_WARN_DOCUMENTATION_COMMENTS = YES;
				CLANG_WARN_EMPTY_BODY = YES;
				CLANG_WARN_ENUM_CONVERSION = YES;
				CLANG_WARN_INFINITE_RECURSION = YES;
				CLANG_WARN_INT_CONVERSION = YES;
				CLANG_WARN_NON_LITERAL_NULL_CONVERSION = YES;
				CLANG_WARN_OBJC_IMPLICIT_RETAIN_SELF = YES;
				CLANG_WARN_OBJC_LITERAL_CONVERSION = YES;
				CLANG_WARN_OBJC_ROOT_CLASS = YES_ERROR;
				CLANG_WARN_QUOTED_INCLUDE_IN_FRAMEWORK_HEADER = YES;
				CLANG_WARN_RANGE_LOOP_ANALYSIS = YES;
				CLANG_WARN_STRICT_PROTOTYPES = YES;
				CLANG_WARN_SUSPICIOUS_MOVE = YES;
				CLANG_WARN_UNGUARDED_AVAILABILITY = YES_AGGRESSIVE;
				CLANG_WARN_UNREACHABLE_CODE = YES;
				CLANG_WARN__DUPLICATE_METHOD_MATCH = YES;
				COPY_PHASE_STRIP = NO;
				DEBUG_INFORMATION_FORMAT = dwarf;
				ENABLE_STRICT_OBJC_MSGSEND = YES;
				ENABLE_TESTABILITY = YES;
				GCC_C_LANGUAGE_STANDARD = gnu11;
				GCC_DYNAMIC_NO_PIC = NO;
				GCC_NO_COMMON_BLOCKS = YES;
				GCC_OPTIMIZATION_LEVEL = 0;
				GCC_PREPROCESSOR_DEFINITIONS = (
					"DEBUG=1",
					"$(inherited)",
				);
				GCC_WARN_64_TO_32_BIT_CONVERSION = YES;
				GCC_WARN_ABOUT_RETURN_TYPE = YES_ERROR;
				GCC_WARN_UNDECLARED_SELECTOR = YES;
				GCC_WARN_UNINITIALIZED_AUTOS = YES_AGGRESSIVE;
				GCC_WARN_UNUSED_FUNCTION = YES;
				GCC_WARN_UNUSED_VARIABLE = YES;
				IPHONEOS_DEPLOYMENT_TARGET = 14.4;
				MTL_ENABLE_DEBUG_INFO = INCLUDE_SOURCE;
				MTL_FAST_MATH = YES;
				ONLY_ACTIVE_ARCH = YES;
				SDKROOT = iphoneos;
				SWIFT_ACTIVE_COMPILATION_CONDITIONS = DEBUG;
				SWIFT_OPTIMIZATION_LEVEL = "-Onone";
			};
			name = Debug;
		};
		3EC75CE025EF496E00C80AF2 /* Release */ = {
			isa = XCBuildConfiguration;
			buildSettings = {
				ALWAYS_SEARCH_USER_PATHS = NO;
				CLANG_ANALYZER_NONNULL = YES;
				CLANG_ANALYZER_NUMBER_OBJECT_CONVERSION = YES_AGGRESSIVE;
				CLANG_CXX_LANGUAGE_STANDARD = "gnu++14";
				CLANG_CXX_LIBRARY = "libc++";
				CLANG_ENABLE_MODULES = YES;
				CLANG_ENABLE_OBJC_ARC = YES;
				CLANG_ENABLE_OBJC_WEAK = YES;
				CLANG_WARN_BLOCK_CAPTURE_AUTORELEASING = YES;
				CLANG_WARN_BOOL_CONVERSION = YES;
				CLANG_WARN_COMMA = YES;
				CLANG_WARN_CONSTANT_CONVERSION = YES;
				CLANG_WARN_DEPRECATED_OBJC_IMPLEMENTATIONS = YES;
				CLANG_WARN_DIRECT_OBJC_ISA_USAGE = YES_ERROR;
				CLANG_WARN_DOCUMENTATION_COMMENTS = YES;
				CLANG_WARN_EMPTY_BODY = YES;
				CLANG_WARN_ENUM_CONVERSION = YES;
				CLANG_WARN_INFINITE_RECURSION = YES;
				CLANG_WARN_INT_CONVERSION = YES;
				CLANG_WARN_NON_LITERAL_NULL_CONVERSION = YES;
				CLANG_WARN_OBJC_IMPLICIT_RETAIN_SELF = YES;
				CLANG_WARN_OBJC_LITERAL_CONVERSION = YES;
				CLANG_WARN_OBJC_ROOT_CLASS = YES_ERROR;
				CLANG_WARN_QUOTED_INCLUDE_IN_FRAMEWORK_HEADER = YES;
				CLANG_WARN_RANGE_LOOP_ANALYSIS = YES;
				CLANG_WARN_STRICT_PROTOTYPES = YES;
				CLANG_WARN_SUSPICIOUS_MOVE = YES;
				CLANG_WARN_UNGUARDED_AVAILABILITY = YES_AGGRESSIVE;
				CLANG_WARN_UNREACHABLE_CODE = YES;
				CLANG_WARN__DUPLICATE_METHOD_MATCH = YES;
				COPY_PHASE_STRIP = NO;
				DEBUG_INFORMATION_FORMAT = "dwarf-with-dsym";
				ENABLE_NS_ASSERTIONS = NO;
				ENABLE_STRICT_OBJC_MSGSEND = YES;
				GCC_C_LANGUAGE_STANDARD = gnu11;
				GCC_NO_COMMON_BLOCKS = YES;
				GCC_WARN_64_TO_32_BIT_CONVERSION = YES;
				GCC_WARN_ABOUT_RETURN_TYPE = YES_ERROR;
				GCC_WARN_UNDECLARED_SELECTOR = YES;
				GCC_WARN_UNINITIALIZED_AUTOS = YES_AGGRESSIVE;
				GCC_WARN_UNUSED_FUNCTION = YES;
				GCC_WARN_UNUSED_VARIABLE = YES;
				IPHONEOS_DEPLOYMENT_TARGET = 14.4;
				MTL_ENABLE_DEBUG_INFO = NO;
				MTL_FAST_MATH = YES;
				SDKROOT = iphoneos;
				SWIFT_COMPILATION_MODE = wholemodule;
				SWIFT_OPTIMIZATION_LEVEL = "-O";
				VALIDATE_PRODUCT = YES;
			};
			name = Release;
		};
		3EC75CE225EF496E00C80AF2 /* Debug */ = {
			isa = XCBuildConfiguration;
			buildSettings = {
				ASSETCATALOG_COMPILER_APPICON_NAME = AppIcon;
				ASSETCATALOG_COMPILER_GLOBAL_ACCENT_COLOR_NAME = AccentColor;
				CODE_SIGN_STYLE = Automatic;
				DEVELOPMENT_ASSET_PATHS = "\"MastermindStarter/Preview Content\"";
				DEVELOPMENT_TEAM = 6C8FN769YS;
				ENABLE_PREVIEWS = YES;
				INFOPLIST_FILE = MastermindStarter/Info.plist;
				IPHONEOS_DEPLOYMENT_TARGET = 14.3;
				LD_RUNPATH_SEARCH_PATHS = (
					"$(inherited)",
					"@executable_path/Frameworks",
				);
				PRODUCT_BUNDLE_IDENTIFIER = edu.sonoma.kooshesh.MastermindStarter;
				PRODUCT_NAME = "$(TARGET_NAME)";
				SWIFT_VERSION = 5.0;
				TARGETED_DEVICE_FAMILY = "1,2";
			};
			name = Debug;
		};
		3EC75CE325EF496E00C80AF2 /* Release */ = {
			isa = XCBuildConfiguration;
			buildSettings = {
				ASSETCATALOG_COMPILER_APPICON_NAME = AppIcon;
				ASSETCATALOG_COMPILER_GLOBAL_ACCENT_COLOR_NAME = AccentColor;
				CODE_SIGN_STYLE = Automatic;
				DEVELOPMENT_ASSET_PATHS = "\"MastermindStarter/Preview Content\"";
				DEVELOPMENT_TEAM = 6C8FN769YS;
				ENABLE_PREVIEWS = YES;
				INFOPLIST_FILE = MastermindStarter/Info.plist;
				IPHONEOS_DEPLOYMENT_TARGET = 14.3;
				LD_RUNPATH_SEARCH_PATHS = (
					"$(inherited)",
					"@executable_path/Frameworks",
				);
				PRODUCT_BUNDLE_IDENTIFIER = edu.sonoma.kooshesh.MastermindStarter;
				PRODUCT_NAME = "$(TARGET_NAME)";
				SWIFT_VERSION = 5.0;
				TARGETED_DEVICE_FAMILY = "1,2";
			};
			name = Release;
		};
/* End XCBuildConfiguration section */

/* Begin XCConfigurationList section */
		3EC75CC825EF496B00C80AF2 /* Build configuration list for PBXProject "MastermindStarter" */ = {
			isa = XCConfigurationList;
			buildConfigurations = (
				3EC75CDF25EF496E00C80AF2 /* Debug */,
				3EC75CE025EF496E00C80AF2 /* Release */,
			);
			defaultConfigurationIsVisible = 0;
			defaultConfigurationName = Release;
		};
		3EC75CE125EF496E00C80AF2 /* Build configuration list for PBXNativeTarget "MastermindStarter" */ = {
			isa = XCConfigurationList;
			buildConfigurations = (
				3EC75CE225EF496E00C80AF2 /* Debug */,
				3EC75CE325EF496E00C80AF2 /* Release */,
			);
			defaultConfigurationIsVisible = 0;
			defaultConfigurationName = Release;
		};
/* End XCConfigurationList section */
	};
	rootObject = 3EC75CC525EF496B00C80AF2 /* Project object */;
}
